{
  "name": "rom_app",
  "version": "1.0.0",
  "lockfileVersion": 3,
  "requires": true,
  "packages": {
    "": {
      "name": "rom_app",
      "version": "1.0.0",
      "license": "ISC",
      "dependencies": {
        "clusterize": "^0.1.2",
        "frappe-datatable": "^1.17.16"
      }
    },
    "node_modules/clusterize": {
      "version": "0.1.2",
      "resolved": "https://registry.npmjs.org/clusterize/-/clusterize-0.1.2.tgz",
      "integrity": "sha512-pShORVKb49yvGrPHJbqd9sp43CANPfF4rSflyFq01DA74M+C0aDYkPj1eNxCtq0gdgUgpFzOJAyE4eDXRlrAVw==",
      "engines": {
        "node": ">=0.6.0"
      }
    },
    "node_modules/frappe-datatable": {
      "version": "1.17.16",
      "resolved": "https://registry.npmjs.org/frappe-datatable/-/frappe-datatable-1.17.16.tgz",
      "integrity": "sha512-BJgWFX8msHZcS1mw2xbuaY1YdH1dBXUIuREVmqH5z1p78GusPaDV8sbWskTS5yVBUklMrMq2VfBTUsJXjvl+wg==",
      "dependencies": {
        "hyperlist": "^1.0.0-beta",
        "lodash": "^4.17.5",
        "sortablejs": "^1.7.0"
      }
    },
    "node_modules/hyperlist": {
      "version": "1.0.0",
      "resolved": "https://registry.npmjs.org/hyperlist/-/hyperlist-1.0.0.tgz",
      "integrity": "sha512-1qAjO29EJW/mPyqY+9wFjruD2YWur1dPsPYmt9RvMX6P+8Cr2UmT75MCWjjK+1/4Jxc3sm/G3Kr8DzGgEDRG+Q=="
    },
    "node_modules/lodash": {
      "version": "4.17.21",
      "resolved": "https://registry.npmjs.org/lodash/-/lodash-4.17.21.tgz",
      "integrity": "sha512-v2kDEe57lecTulaDIuNTPy3Ry4gLGJ6Z1O3vE1krgXZNrsQ+LFTGHVxVjcXPs17LhbZVGedAJv8XZ1tvj5FvSg=="
    },
    "node_modules/sortablejs": {
      "version": "1.15.3",
      "resolved": "https://registry.npmjs.org/sortablejs/-/sortablejs-1.15.3.tgz",
      "integrity": "sha512-zdK3/kwwAK1cJgy1rwl1YtNTbRmc8qW/+vgXf75A7NHag5of4pyI6uK86ktmQETyWRH7IGaE73uZOOBcGxgqZg=="
    }
  }
}
